
Microsoft Visual Studio Solution File, Format Version 12.00
# Visual Studio Version 17
VisualStudioVersion = 17.4.33110.190
MinimumVisualStudioVersion = 10.0.40219.1
Project("{FAE04EC0-301F-11D3-BF4B-00C04F79EFBC}") = "mymovies.Android", "mymovies\mymovies.Android\mymovies.Android.csproj", "{EBF193DC-EB0E-4511-961E-43708F097C4C}"
EndProject
Project("{9A19103F-16F7-4668-BE54-9A1E7A4F7556}") = "mymovies", "mymovies\mymovies\mymovies.csproj", "{DDE032EA-6C3A-4552-B671-107E1D1CEE47}"
EndProject
Global
	GlobalSection(SolutionConfigurationPlatforms) = preSolution
		Debug|Any CPU = Debug|Any CPU
		Debug|iPhone = Debug|iPhone
		Debug|iPhoneSimulator = Debug|iPhoneSimulator
		Release|Any CPU = Release|Any CPU
		Release|iPhone = Release|iPhone
		Release|iPhoneSimulator = Release|iPhoneSimulator
	EndGlobalSection
	GlobalSection(ProjectConfigurationPlatforms) = postSolution
		{EBF193DC-EB0E-4511-961E-43708F097C4C}.Debug|Any CPU.ActiveCfg = Debug|Any CPU
		{EBF193DC-EB0E-4511-961E-43708F097C4C}.Debug|Any CPU.Build.0 = Debug|Any CPU
		{EBF193DC-EB0E-4511-961E-43708F097C4C}.Debug|Any CPU.Deploy.0 = Debug|Any CPU
		{EBF193DC-EB0E-4511-961E-43708F097C4C}.Debug|iPhone.ActiveCfg = Debug|Any CPU
		{EBF193DC-EB0E-4511-961E-43708F097C4C}.Debug|iPhone.Build.0 = Debug|Any CPU
		{EBF193DC-EB0E-4511-961E-43708F097C4C}.Debug|iPhone.Deploy.0 = Debug|Any CPU
		{EBF193DC-EB0E-4511-961E-43708F097C4C}.Debug|iPhoneSimulator.ActiveCfg = Debug|Any CPU
		{EBF193DC-EB0E-4511-961E-43708F097C4C}.Debug|iPhoneSimulator.Build.0 = Debug|Any CPU
		{EBF193DC-EB0E-4511-961E-43708F097C4C}.Debug|iPhoneSimulator.Deploy.0 = Debug|Any CPU
		{EBF193DC-EB0E-4511-961E-43708F097C4C}.Release|Any CPU.ActiveCfg = Release|Any CPU
		{EBF193DC-EB0E-4511-961E-43708F097C4C}.Release|Any CPU.Build.0 = Release|Any CPU
		{EBF193DC-EB0E-4511-961E-43708F097C4C}.Release|Any CPU.Deploy.0 = Release|Any CPU
		{EBF193DC-EB0E-4511-961E-43708F097C4C}.Release|iPhone.ActiveCfg = Release|Any CPU
		{EBF193DC-EB0E-4511-961E-43708F097C4C}.Release|iPhone.Build.0 = Release|Any CPU
		{EBF193DC-EB0E-4511-961E-43708F097C4C}.Release|iPhone.Deploy.0 = Release|Any CPU
		{EBF193DC-EB0E-4511-961E-43708F097C4C}.Release|iPhoneSimulator.ActiveCfg = Release|Any CPU
		{EBF193DC-EB0E-4511-961E-43708F097C4C}.Release|iPhoneSimulator.Build.0 = Release|Any CPU
		{EBF193DC-EB0E-4511-961E-43708F097C4C}.Release|iPhoneSimulator.Deploy.0 = Release|Any CPU
		{DDE032EA-6C3A-4552-B671-107E1D1CEE47}.Debug|Any CPU.ActiveCfg = Debug|Any CPU
		{DDE032EA-6C3A-4552-B671-107E1D1CEE47}.Debug|Any CPU.Build.0 = Debug|Any CPU
		{DDE032EA-6C3A-4552-B671-107E1D1CEE47}.Debug|Any CPU.Deploy.0 = Debug|Any CPU
		{DDE032EA-6C3A-4552-B671-107E1D1CEE47}.Debug|iPhone.ActiveCfg = Debug|Any CPU
		{DDE032EA-6C3A-4552-B671-107E1D1CEE47}.Debug|iPhone.Build.0 = Debug|Any CPU
		{DDE032EA-6C3A-4552-B671-107E1D1CEE47}.Debug|iPhone.Deploy.0 = Debug|Any CPU
		{DDE032EA-6C3A-4552-B671-107E1D1CEE47}.Debug|iPhoneSimulator.ActiveCfg = Debug|Any CPU
		{DDE032EA-6C3A-4552-B671-107E1D1CEE47}.Debug|iPhoneSimulator.Build.0 = Debug|Any CPU
		{DDE032EA-6C3A-4552-B671-107E1D1CEE47}.Debug|iPhoneSimulator.Deploy.0 = Debug|Any CPU
		{DDE032EA-6C3A-4552-B671-107E1D1CEE47}.Release|Any CPU.ActiveCfg = Release|Any CPU
		{DDE032EA-6C3A-4552-B671-107E1D1CEE47}.Release|Any CPU.Build.0 = Release|Any CPU
		{DDE032EA-6C3A-4552-B671-107E1D1CEE47}.Release|Any CPU.Deploy.0 = Release|Any CPU
		{DDE032EA-6C3A-4552-B671-107E1D1CEE47}.Release|iPhone.ActiveCfg = Release|Any CPU
		{DDE032EA-6C3A-4552-B671-107E1D1CEE47}.Release|iPhone.Build.0 = Release|Any CPU
		{DDE032EA-6C3A-4552-B671-107E1D1CEE47}.Release|iPhone.Deploy.0 = Release|Any CPU
		{DDE032EA-6C3A-4552-B671-107E1D1CEE47}.Release|iPhoneSimulator.ActiveCfg = Release|Any CPU
		{DDE032EA-6C3A-4552-B671-107E1D1CEE47}.Release|iPhoneSimulator.Build.0 = Release|Any CPU
		{DDE032EA-6C3A-4552-B671-107E1D1CEE47}.Release|iPhoneSimulator.Deploy.0 = Release|Any CPU
	EndGlobalSection
	GlobalSection(SolutionProperties) = preSolution
		HideSolutionNode = FALSE
	EndGlobalSection
	GlobalSection(ExtensibilityGlobals) = postSolution
		SolutionGuid = {1EA1EB4E-8C18-4D21-8124-46FBE748697A}
	EndGlobalSection
EndGlobal
